
Microsoft Visual Studio Solution File, Format Version 12.00
# Visual Studio Version 16
VisualStudioVersion = 16.0.30011.22
MinimumVisualStudioVersion = 10.0.40219.1
Project("{FAE04EC0-301F-11D3-BF4B-00C04F79EFBC}") = "CsvReader", "CsvReader\CsvReader.csproj", "{F820653D-EA27-47C6-AE0C-7018EF611F77}"
EndProject
Global
	GlobalSection(SolutionConfigurationPlatforms) = preSolution
		Debug|Any CPU = Debug|Any CPU
		Release|Any CPU = Release|Any CPU
	EndGlobalSection
	GlobalSection(ProjectConfigurationPlatforms) = postSolution
		{F820653D-EA27-47C6-AE0C-7018EF611F77}.Debug|Any CPU.ActiveCfg = Debug|Any CPU
		{F820653D-EA27-47C6-AE0C-7018EF611F77}.Debug|Any CPU.Build.0 = Debug|Any CPU
		{F820653D-EA27-47C6-AE0C-7018EF611F77}.Release|Any CPU.ActiveCfg = Release|Any CPU
		{F820653D-EA27-47C6-AE0C-7018EF611F77}.Release|Any CPU.Build.0 = Release|Any CPU
	EndGlobalSection
	GlobalSection(SolutionProperties) = preSolution
		HideSolutionNode = FALSE
	EndGlobalSection
	GlobalSection(ExtensibilityGlobals) = postSolution
		SolutionGuid = {46F70E0E-29B7-4EA3-AEC2-92E4384656AA}
	EndGlobalSection
EndGlobal
